
Microsoft Visual Studio Solution File, Format Version 12.00
# Visual Studio Version 16
VisualStudioVersion = 16.0.30621.155
MinimumVisualStudioVersion = 10.0.40219.1
Project("{9A19103F-16F7-4668-BE54-9A1E7A4F7556}") = "MealPlan.API", "MealPlan.API\MealPlan.API.csproj", "{0A70924B-284B-4E16-A6E6-13D4A189EE36}"
EndProject
Project("{00D1A9C2-B5F0-4AF3-8072-F6C62B433612}") = "MealPlan.Database", "MealPlan.Database\MealPlan.Database.sqlproj", "{5A6E9CD6-D680-4AE0-917B-240E1B3561E5}"
EndProject
Project("{FAE04EC0-301F-11D3-BF4B-00C04F79EFBC}") = "MealPlan.Domain", "MealPlan.Domain\MealPlan.Domain.csproj", "{25802EFD-671F-4443-940B-99289AF47F81}"
EndProject
Project("{FAE04EC0-301F-11D3-BF4B-00C04F79EFBC}") = "MealPlan.Services", "MealPlan.Services\MealPlan.Services.csproj", "{1A14517D-3397-40BC-89C6-650152AA13F2}"
EndProject
Project("{FAE04EC0-301F-11D3-BF4B-00C04F79EFBC}") = "MealPlan.External", "MealPlan.External\MealPlan.External.csproj", "{9ACF1DED-916F-40EA-B2B2-E63418E76FB0}"
EndProject
Global
	GlobalSection(SolutionConfigurationPlatforms) = preSolution
		Debug|Any CPU = Debug|Any CPU
		Release|Any CPU = Release|Any CPU
	EndGlobalSection
	GlobalSection(ProjectConfigurationPlatforms) = postSolution
		{0A70924B-284B-4E16-A6E6-13D4A189EE36}.Debug|Any CPU.ActiveCfg = Debug|Any CPU
		{0A70924B-284B-4E16-A6E6-13D4A189EE36}.Debug|Any CPU.Build.0 = Debug|Any CPU
		{0A70924B-284B-4E16-A6E6-13D4A189EE36}.Release|Any CPU.ActiveCfg = Release|Any CPU
		{0A70924B-284B-4E16-A6E6-13D4A189EE36}.Release|Any CPU.Build.0 = Release|Any CPU
		{5A6E9CD6-D680-4AE0-917B-240E1B3561E5}.Debug|Any CPU.ActiveCfg = Debug|Any CPU
		{5A6E9CD6-D680-4AE0-917B-240E1B3561E5}.Debug|Any CPU.Build.0 = Debug|Any CPU
		{5A6E9CD6-D680-4AE0-917B-240E1B3561E5}.Debug|Any CPU.Deploy.0 = Debug|Any CPU
		{5A6E9CD6-D680-4AE0-917B-240E1B3561E5}.Release|Any CPU.ActiveCfg = Release|Any CPU
		{5A6E9CD6-D680-4AE0-917B-240E1B3561E5}.Release|Any CPU.Build.0 = Release|Any CPU
		{5A6E9CD6-D680-4AE0-917B-240E1B3561E5}.Release|Any CPU.Deploy.0 = Release|Any CPU
		{25802EFD-671F-4443-940B-99289AF47F81}.Debug|Any CPU.ActiveCfg = Debug|Any CPU
		{25802EFD-671F-4443-940B-99289AF47F81}.Debug|Any CPU.Build.0 = Debug|Any CPU
		{25802EFD-671F-4443-940B-99289AF47F81}.Release|Any CPU.ActiveCfg = Release|Any CPU
		{25802EFD-671F-4443-940B-99289AF47F81}.Release|Any CPU.Build.0 = Release|Any CPU
		{1A14517D-3397-40BC-89C6-650152AA13F2}.Debug|Any CPU.ActiveCfg = Debug|Any CPU
		{1A14517D-3397-40BC-89C6-650152AA13F2}.Debug|Any CPU.Build.0 = Debug|Any CPU
		{1A14517D-3397-40BC-89C6-650152AA13F2}.Release|Any CPU.ActiveCfg = Release|Any CPU
		{1A14517D-3397-40BC-89C6-650152AA13F2}.Release|Any CPU.Build.0 = Release|Any CPU
		{9ACF1DED-916F-40EA-B2B2-E63418E76FB0}.Debug|Any CPU.ActiveCfg = Debug|Any CPU
		{9ACF1DED-916F-40EA-B2B2-E63418E76FB0}.Debug|Any CPU.Build.0 = Debug|Any CPU
		{9ACF1DED-916F-40EA-B2B2-E63418E76FB0}.Release|Any CPU.ActiveCfg = Release|Any CPU
		{9ACF1DED-916F-40EA-B2B2-E63418E76FB0}.Release|Any CPU.Build.0 = Release|Any CPU
	EndGlobalSection
	GlobalSection(SolutionProperties) = preSolution
		HideSolutionNode = FALSE
	EndGlobalSection
	GlobalSection(ExtensibilityGlobals) = postSolution
		SolutionGuid = {653C425A-6521-4753-AD8E-2217C99BBABF}
	EndGlobalSection
EndGlobal
